// !$*UTF8*$!
{
	archiveVersion = 1;
	classes = {
	};
	objectVersion = 56;
	objects = {

/* Begin PBXBuildFile section */
		4A562454291C65B400B91EFE /* AppDelegate.swift in Sources */ = {isa = PBXBuildFile; fileRef = 4A562453291C65B400B91EFE /* AppDelegate.swift */; };
		4A562456291C65B400B91EFE /* SceneDelegate.swift in Sources */ = {isa = PBXBuildFile; fileRef = 4A562455291C65B400B91EFE /* SceneDelegate.swift */; };
		4A56245B291C65B400B91EFE /* Main.storyboard in Resources */ = {isa = PBXBuildFile; fileRef = 4A562459291C65B400B91EFE /* Main.storyboard */; };
		4A56245D291C65B500B91EFE /* Assets.xcassets in Resources */ = {isa = PBXBuildFile; fileRef = 4A56245C291C65B500B91EFE /* Assets.xcassets */; };
		4A562460291C65B500B91EFE /* LaunchScreen.storyboard in Resources */ = {isa = PBXBuildFile; fileRef = 4A56245E291C65B500B91EFE /* LaunchScreen.storyboard */; };
		4A562468291C65EC00B91EFE /* CatsViewController.swift in Sources */ = {isa = PBXBuildFile; fileRef = 4A562467291C65EC00B91EFE /* CatsViewController.swift */; };
		4A56246A291C667E00B91EFE /* Cat.swift in Sources */ = {isa = PBXBuildFile; fileRef = 4A562469291C667E00B91EFE /* Cat.swift */; };
		4A56246C291C66CC00B91EFE /* ApiCats.swift in Sources */ = {isa = PBXBuildFile; fileRef = 4A56246B291C66CC00B91EFE /* ApiCats.swift */; };
		4A562471291D8F5F00B91EFE /* CatCell.swift in Sources */ = {isa = PBXBuildFile; fileRef = 4A56246F291D8F5F00B91EFE /* CatCell.swift */; };
		4A562472291D8F5F00B91EFE /* CatCell.xib in Resources */ = {isa = PBXBuildFile; fileRef = 4A562470291D8F5F00B91EFE /* CatCell.xib */; };
		4A6FB33C291D93D5002E98EA /* CatViewModel.swift in Sources */ = {isa = PBXBuildFile; fileRef = 4A6FB33B291D93D5002E98EA /* CatViewModel.swift */; };
		4A6FB33E291D9409002E98EA /* ObservableObject.swift in Sources */ = {isa = PBXBuildFile; fileRef = 4A6FB33D291D9409002E98EA /* ObservableObject.swift */; };
		4A6FB340291D9CFF002E98EA /* ImageView+Extension.swift in Sources */ = {isa = PBXBuildFile; fileRef = 4A6FB33F291D9CFF002E98EA /* ImageView+Extension.swift */; };
/* End PBXBuildFile section */

/* Begin PBXFileReference section */
		4A562450291C65B400B91EFE /* CatsApp.app */ = {isa = PBXFileReference; explicitFileType = wrapper.application; includeInIndex = 0; path = CatsApp.app; sourceTree = BUILT_PRODUCTS_DIR; };
		4A562453291C65B400B91EFE /* AppDelegate.swift */ = {isa = PBXFileReference; lastKnownFileType = sourcecode.swift; path = AppDelegate.swift; sourceTree = "<group>"; };
		4A562455291C65B400B91EFE /* SceneDelegate.swift */ = {isa = PBXFileReference; lastKnownFileType = sourcecode.swift; path = SceneDelegate.swift; sourceTree = "<group>"; };
		4A56245A291C65B400B91EFE /* Base */ = {isa = PBXFileReference; lastKnownFileType = file.storyboard; name = Base; path = Base.lproj/Main.storyboard; sourceTree = "<group>"; };
		4A56245C291C65B500B91EFE /* Assets.xcassets */ = {isa = PBXFileReference; lastKnownFileType = folder.assetcatalog; path = Assets.xcassets; sourceTree = "<group>"; };
		4A56245F291C65B500B91EFE /* Base */ = {isa = PBXFileReference; lastKnownFileType = file.storyboard; name = Base; path = Base.lproj/LaunchScreen.storyboard; sourceTree = "<group>"; };
		4A562461291C65B500B91EFE /* Info.plist */ = {isa = PBXFileReference; lastKnownFileType = text.plist.xml; path = Info.plist; sourceTree = "<group>"; };
		4A562467291C65EC00B91EFE /* CatsViewController.swift */ = {isa = PBXFileReference; lastKnownFileType = sourcecode.swift; path = CatsViewController.swift; sourceTree = "<group>"; };
		4A562469291C667E00B91EFE /* Cat.swift */ = {isa = PBXFileReference; lastKnownFileType = sourcecode.swift; path = Cat.swift; sourceTree = "<group>"; };
		4A56246B291C66CC00B91EFE /* ApiCats.swift */ = {isa = PBXFileReference; lastKnownFileType = sourcecode.swift; path = ApiCats.swift; sourceTree = "<group>"; };
		4A56246F291D8F5F00B91EFE /* CatCell.swift */ = {isa = PBXFileReference; lastKnownFileType = sourcecode.swift; path = CatCell.swift; sourceTree = "<group>"; };
		4A562470291D8F5F00B91EFE /* CatCell.xib */ = {isa = PBXFileReference; lastKnownFileType = file.xib; path = CatCell.xib; sourceTree = "<group>"; };
		4A6FB33B291D93D5002E98EA /* CatViewModel.swift */ = {isa = PBXFileReference; lastKnownFileType = sourcecode.swift; path = CatViewModel.swift; sourceTree = "<group>"; };
		4A6FB33D291D9409002E98EA /* ObservableObject.swift */ = {isa = PBXFileReference; lastKnownFileType = sourcecode.swift; path = ObservableObject.swift; sourceTree = "<group>"; };
		4A6FB33F291D9CFF002E98EA /* ImageView+Extension.swift */ = {isa = PBXFileReference; lastKnownFileType = sourcecode.swift; path = "ImageView+Extension.swift"; sourceTree = "<group>"; };
/* End PBXFileReference section */

/* Begin PBXFrameworksBuildPhase section */
		4A56244D291C65B400B91EFE /* Frameworks */ = {
			isa = PBXFrameworksBuildPhase;
			buildActionMask = 2147483647;
			files = (
			);
			runOnlyForDeploymentPostprocessing = 0;
		};
/* End PBXFrameworksBuildPhase section */

/* Begin PBXGroup section */
		4A562447291C65B400B91EFE = {
			isa = PBXGroup;
			children = (
				4A562452291C65B400B91EFE /* CatsApp */,
				4A562451291C65B400B91EFE /* Products */,
				D7558F091E90905135C98162 /* Pods */,
			);
			sourceTree = "<group>";
		};
		4A562451291C65B400B91EFE /* Products */ = {
			isa = PBXGroup;
			children = (
				4A562450291C65B400B91EFE /* CatsApp.app */,
			);
			name = Products;
			sourceTree = "<group>";
		};
		4A562452291C65B400B91EFE /* CatsApp */ = {
			isa = PBXGroup;
			children = (
				4A562453291C65B400B91EFE /* AppDelegate.swift */,
				4A562455291C65B400B91EFE /* SceneDelegate.swift */,
				4A6FB342291DCA7E002E98EA /* Viewmodel */,
				4A6FB341291DCA72002E98EA /* View */,
				4A6FB343291DCA8F002E98EA /* Model */,
				4A6FB344291DCAA7002E98EA /* Network */,
				4A56245C291C65B500B91EFE /* Assets.xcassets */,
				4A56245E291C65B500B91EFE /* LaunchScreen.storyboard */,
				4A562461291C65B500B91EFE /* Info.plist */,
				4A6FB33F291D9CFF002E98EA /* ImageView+Extension.swift */,
			);
			path = CatsApp;
			sourceTree = "<group>";
		};
		4A6FB341291DCA72002E98EA /* View */ = {
			isa = PBXGroup;
			children = (
				4A562467291C65EC00B91EFE /* CatsViewController.swift */,
				4A562459291C65B400B91EFE /* Main.storyboard */,
				4A56246F291D8F5F00B91EFE /* CatCell.swift */,
				4A562470291D8F5F00B91EFE /* CatCell.xib */,
			);
			path = View;
			sourceTree = "<group>";
		};
		4A6FB342291DCA7E002E98EA /* Viewmodel */ = {
			isa = PBXGroup;
			children = (
				4A6FB33D291D9409002E98EA /* ObservableObject.swift */,
				4A6FB33B291D93D5002E98EA /* CatViewModel.swift */,
			);
			path = Viewmodel;
			sourceTree = "<group>";
		};
		4A6FB343291DCA8F002E98EA /* Model */ = {
			isa = PBXGroup;
			children = (
				4A562469291C667E00B91EFE /* Cat.swift */,
			);
			path = Model;
			sourceTree = "<group>";
		};
		4A6FB344291DCAA7002E98EA /* Network */ = {
			isa = PBXGroup;
			children = (
				4A56246B291C66CC00B91EFE /* ApiCats.swift */,
			);
			path = Network;
			sourceTree = "<group>";
		};
		D7558F091E90905135C98162 /* Pods */ = {
			isa = PBXGroup;
			children = (
			);
			path = Pods;
			sourceTree = "<group>";
		};
/* End PBXGroup section */

/* Begin PBXNativeTarget section */
		4A56244F291C65B400B91EFE /* CatsApp */ = {
			isa = PBXNativeTarget;
			buildConfigurationList = 4A562464291C65B500B91EFE /* Build configuration list for PBXNativeTarget "CatsApp" */;
			buildPhases = (
				4A56244C291C65B400B91EFE /* Sources */,
				4A56244D291C65B400B91EFE /* Frameworks */,
				4A56244E291C65B400B91EFE /* Resources */,
			);
			buildRules = (
			);
			dependencies = (
			);
			name = CatsApp;
			productName = CatsApp;
			productReference = 4A562450291C65B400B91EFE /* CatsApp.app */;
			productType = "com.apple.product-type.application";
		};
/* End PBXNativeTarget section */

/* Begin PBXProject section */
		4A562448291C65B400B91EFE /* Project object */ = {
			isa = PBXProject;
			attributes = {
				BuildIndependentTargetsInParallel = 1;
				LastSwiftUpdateCheck = 1410;
				LastUpgradeCheck = 1410;
				TargetAttributes = {
					4A56244F291C65B400B91EFE = {
						CreatedOnToolsVersion = 14.1;
					};
				};
			};
			buildConfigurationList = 4A56244B291C65B400B91EFE /* Build configuration list for PBXProject "CatsApp" */;
			compatibilityVersion = "Xcode 14.0";
			developmentRegion = en;
			hasScannedForEncodings = 0;
			knownRegions = (
				en,
				Base,
			);
			mainGroup = 4A562447291C65B400B91EFE;
			productRefGroup = 4A562451291C65B400B91EFE /* Products */;
			projectDirPath = "";
			projectRoot = "";
			targets = (
				4A56244F291C65B400B91EFE /* CatsApp */,
			);
		};
/* End PBXProject section */

/* Begin PBXResourcesBuildPhase section */
		4A56244E291C65B400B91EFE /* Resources */ = {
			isa = PBXResourcesBuildPhase;
			buildActionMask = 2147483647;
			files = (
				4A562472291D8F5F00B91EFE /* CatCell.xib in Resources */,
				4A562460291C65B500B91EFE /* LaunchScreen.storyboard in Resources */,
				4A56245D291C65B500B91EFE /* Assets.xcassets in Resources */,
				4A56245B291C65B400B91EFE /* Main.storyboard in Resources */,
			);
			runOnlyForDeploymentPostprocessing = 0;
		};
/* End PBXResourcesBuildPhase section */

/* Begin PBXSourcesBuildPhase section */
		4A56244C291C65B400B91EFE /* Sources */ = {
			isa = PBXSourcesBuildPhase;
			buildActionMask = 2147483647;
			files = (
				4A562471291D8F5F00B91EFE /* CatCell.swift in Sources */,
				4A6FB33C291D93D5002E98EA /* CatViewModel.swift in Sources */,
				4A56246A291C667E00B91EFE /* Cat.swift in Sources */,
				4A56246C291C66CC00B91EFE /* ApiCats.swift in Sources */,
				4A6FB340291D9CFF002E98EA /* ImageView+Extension.swift in Sources */,
				4A562468291C65EC00B91EFE /* CatsViewController.swift in Sources */,
				4A6FB33E291D9409002E98EA /* ObservableObject.swift in Sources */,
				4A562454291C65B400B91EFE /* AppDelegate.swift in Sources */,
				4A562456291C65B400B91EFE /* SceneDelegate.swift in Sources */,
			);
			runOnlyForDeploymentPostprocessing = 0;
		};
/* End PBXSourcesBuildPhase section */

/* Begin PBXVariantGroup section */
		4A562459291C65B400B91EFE /* Main.storyboard */ = {
			isa = PBXVariantGroup;
			children = (
				4A56245A291C65B400B91EFE /* Base */,
			);
			name = Main.storyboard;
			sourceTree = "<group>";
		};
		4A56245E291C65B500B91EFE /* LaunchScreen.storyboard */ = {
			isa = PBXVariantGroup;
			children = (
				4A56245F291C65B500B91EFE /* Base */,
			);
			name = LaunchScreen.storyboard;
			sourceTree = "<group>";
		};
/* End PBXVariantGroup section */

/* Begin XCBuildConfiguration section */
		4A562462291C65B500B91EFE /* Debug */ = {
			isa = XCBuildConfiguration;
			buildSettings = {
				ALWAYS_SEARCH_USER_PATHS = NO;
				CLANG_ANALYZER_NONNULL = YES;
				CLANG_ANALYZER_NUMBER_OBJECT_CONVERSION = YES_AGGRESSIVE;
				CLANG_CXX_LANGUAGE_STANDARD = "gnu++20";
				CLANG_ENABLE_MODULES = YES;
				CLANG_ENABLE_OBJC_ARC = YES;
				CLANG_ENABLE_OBJC_WEAK = YES;
				CLANG_WARN_BLOCK_CAPTURE_AUTORELEASING = YES;
				CLANG_WARN_BOOL_CONVERSION = YES;
				CLANG_WARN_COMMA = YES;
				CLANG_WARN_CONSTANT_CONVERSION = YES;
				CLANG_WARN_DEPRECATED_OBJC_IMPLEMENTATIONS = YES;
				CLANG_WARN_DIRECT_OBJC_ISA_USAGE = YES_ERROR;
				CLANG_WARN_DOCUMENTATION_COMMENTS = YES;
				CLANG_WARN_EMPTY_BODY = YES;
				CLANG_WARN_ENUM_CONVERSION = YES;
				CLANG_WARN_INFINITE_RECURSION = YES;
				CLANG_WARN_INT_CONVERSION = YES;
				CLANG_WARN_NON_LITERAL_NULL_CONVERSION = YES;
				CLANG_WARN_OBJC_IMPLICIT_RETAIN_SELF = YES;
				CLANG_WARN_OBJC_LITERAL_CONVERSION = YES;
				CLANG_WARN_OBJC_ROOT_CLASS = YES_ERROR;
				CLANG_WARN_QUOTED_INCLUDE_IN_FRAMEWORK_HEADER = YES;
				CLANG_WARN_RANGE_LOOP_ANALYSIS = YES;
				CLANG_WARN_STRICT_PROTOTYPES = YES;
				CLANG_WARN_SUSPICIOUS_MOVE = YES;
				CLANG_WARN_UNGUARDED_AVAILABILITY = YES_AGGRESSIVE;
				CLANG_WARN_UNREACHABLE_CODE = YES;
				CLANG_WARN__DUPLICATE_METHOD_MATCH = YES;
				COPY_PHASE_STRIP = NO;
				DEBUG_INFORMATION_FORMAT = dwarf;
				ENABLE_STRICT_OBJC_MSGSEND = YES;
				ENABLE_TESTABILITY = YES;
				GCC_C_LANGUAGE_STANDARD = gnu11;
				GCC_DYNAMIC_NO_PIC = NO;
				GCC_NO_COMMON_BLOCKS = YES;
				GCC_OPTIMIZATION_LEVEL = 0;
				GCC_PREPROCESSOR_DEFINITIONS = (
					"DEBUG=1",
					"$(inherited)",
				);
				GCC_WARN_64_TO_32_BIT_CONVERSION = YES;
				GCC_WARN_ABOUT_RETURN_TYPE = YES_ERROR;
				GCC_WARN_UNDECLARED_SELECTOR = YES;
				GCC_WARN_UNINITIALIZED_AUTOS = YES_AGGRESSIVE;
				GCC_WARN_UNUSED_FUNCTION = YES;
				GCC_WARN_UNUSED_VARIABLE = YES;
				IPHONEOS_DEPLOYMENT_TARGET = 16.1;
				MTL_ENABLE_DEBUG_INFO = INCLUDE_SOURCE;
				MTL_FAST_MATH = YES;
				ONLY_ACTIVE_ARCH = YES;
				SDKROOT = iphoneos;
				SWIFT_ACTIVE_COMPILATION_CONDITIONS = DEBUG;
				SWIFT_OPTIMIZATION_LEVEL = "-Onone";
			};
			name = Debug;
		};
		4A562463291C65B500B91EFE /* Release */ = {
			isa = XCBuildConfiguration;
			buildSettings = {
				ALWAYS_SEARCH_USER_PATHS = NO;
				CLANG_ANALYZER_NONNULL = YES;
				CLANG_ANALYZER_NUMBER_OBJECT_CONVERSION = YES_AGGRESSIVE;
				CLANG_CXX_LANGUAGE_STANDARD = "gnu++20";
				CLANG_ENABLE_MODULES = YES;
				CLANG_ENABLE_OBJC_ARC = YES;
				CLANG_ENABLE_OBJC_WEAK = YES;
				CLANG_WARN_BLOCK_CAPTURE_AUTORELEASING = YES;
				CLANG_WARN_BOOL_CONVERSION = YES;
				CLANG_WARN_COMMA = YES;
				CLANG_WARN_CONSTANT_CONVERSION = YES;
				CLANG_WARN_DEPRECATED_OBJC_IMPLEMENTATIONS = YES;
				CLANG_WARN_DIRECT_OBJC_ISA_USAGE = YES_ERROR;
				CLANG_WARN_DOCUMENTATION_COMMENTS = YES;
				CLANG_WARN_EMPTY_BODY = YES;
				CLANG_WARN_ENUM_CONVERSION = YES;
				CLANG_WARN_INFINITE_RECURSION = YES;
				CLANG_WARN_INT_CONVERSION = YES;
				CLANG_WARN_NON_LITERAL_NULL_CONVERSION = YES;
				CLANG_WARN_OBJC_IMPLICIT_RETAIN_SELF = YES;
				CLANG_WARN_OBJC_LITERAL_CONVERSION = YES;
				CLANG_WARN_OBJC_ROOT_CLASS = YES_ERROR;
				CLANG_WARN_QUOTED_INCLUDE_IN_FRAMEWORK_HEADER = YES;
				CLANG_WARN_RANGE_LOOP_ANALYSIS = YES;
				CLANG_WARN_STRICT_PROTOTYPES = YES;
				CLANG_WARN_SUSPICIOUS_MOVE = YES;
				CLANG_WARN_UNGUARDED_AVAILABILITY = YES_AGGRESSIVE;
				CLANG_WARN_UNREACHABLE_CODE = YES;
				CLANG_WARN__DUPLICATE_METHOD_MATCH = YES;
				COPY_PHASE_STRIP = NO;
				DEBUG_INFORMATION_FORMAT = "dwarf-with-dsym";
				ENABLE_NS_ASSERTIONS = NO;
				ENABLE_STRICT_OBJC_MSGSEND = YES;
				GCC_C_LANGUAGE_STANDARD = gnu11;
				GCC_NO_COMMON_BLOCKS = YES;
				GCC_WARN_64_TO_32_BIT_CONVERSION = YES;
				GCC_WARN_ABOUT_RETURN_TYPE = YES_ERROR;
				GCC_WARN_UNDECLARED_SELECTOR = YES;
				GCC_WARN_UNINITIALIZED_AUTOS = YES_AGGRESSIVE;
				GCC_WARN_UNUSED_FUNCTION = YES;
				GCC_WARN_UNUSED_VARIABLE = YES;
				IPHONEOS_DEPLOYMENT_TARGET = 16.1;
				MTL_ENABLE_DEBUG_INFO = NO;
				MTL_FAST_MATH = YES;
				SDKROOT = iphoneos;
				SWIFT_COMPILATION_MODE = wholemodule;
				SWIFT_OPTIMIZATION_LEVEL = "-O";
				VALIDATE_PRODUCT = YES;
			};
			name = Release;
		};
		4A562465291C65B500B91EFE /* Debug */ = {
			isa = XCBuildConfiguration;
			buildSettings = {
				ASSETCATALOG_COMPILER_APPICON_NAME = AppIcon;
				ASSETCATALOG_COMPILER_GLOBAL_ACCENT_COLOR_NAME = AccentColor;
				CODE_SIGN_STYLE = Automatic;
				CURRENT_PROJECT_VERSION = 1;
				GENERATE_INFOPLIST_FILE = YES;
				INFOPLIST_FILE = CatsApp/Info.plist;
				INFOPLIST_KEY_UIApplicationSupportsIndirectInputEvents = YES;
				INFOPLIST_KEY_UILaunchStoryboardName = LaunchScreen;
				INFOPLIST_KEY_UIMainStoryboardFile = Main;
				INFOPLIST_KEY_UISupportedInterfaceOrientations_iPad = "UIInterfaceOrientationPortrait UIInterfaceOrientationPortraitUpsideDown UIInterfaceOrientationLandscapeLeft UIInterfaceOrientationLandscapeRight";
				INFOPLIST_KEY_UISupportedInterfaceOrientations_iPhone = "UIInterfaceOrientationPortrait UIInterfaceOrientationLandscapeLeft UIInterfaceOrientationLandscapeRight";
				IPHONEOS_DEPLOYMENT_TARGET = 15.0;
				LD_RUNPATH_SEARCH_PATHS = (
					"$(inherited)",
					"@executable_path/Frameworks",
				);
				MARKETING_VERSION = 1.0;
				PRODUCT_BUNDLE_IDENTIFIER = test.CatsApp;
				PRODUCT_NAME = "$(TARGET_NAME)";
				SWIFT_EMIT_LOC_STRINGS = YES;
				SWIFT_VERSION = 5.0;
				TARGETED_DEVICE_FAMILY = "1,2";
			};
			name = Debug;
		};
		4A562466291C65B500B91EFE /* Release */ = {
			isa = XCBuildConfiguration;
			buildSettings = {
				ASSETCATALOG_COMPILER_APPICON_NAME = AppIcon;
				ASSETCATALOG_COMPILER_GLOBAL_ACCENT_COLOR_NAME = AccentColor;
				CODE_SIGN_STYLE = Automatic;
				CURRENT_PROJECT_VERSION = 1;
				GENERATE_INFOPLIST_FILE = YES;
				INFOPLIST_FILE = CatsApp/Info.plist;
				INFOPLIST_KEY_UIApplicationSupportsIndirectInputEvents = YES;
				INFOPLIST_KEY_UILaunchStoryboardName = LaunchScreen;
				INFOPLIST_KEY_UIMainStoryboardFile = Main;
				INFOPLIST_KEY_UISupportedInterfaceOrientations_iPad = "UIInterfaceOrientationPortrait UIInterfaceOrientationPortraitUpsideDown UIInterfaceOrientationLandscapeLeft UIInterfaceOrientationLandscapeRight";
				INFOPLIST_KEY_UISupportedInterfaceOrientations_iPhone = "UIInterfaceOrientationPortrait UIInterfaceOrientationLandscapeLeft UIInterfaceOrientationLandscapeRight";
				IPHONEOS_DEPLOYMENT_TARGET = 15.0;
				LD_RUNPATH_SEARCH_PATHS = (
					"$(inherited)",
					"@executable_path/Frameworks",
				);
				MARKETING_VERSION = 1.0;
				PRODUCT_BUNDLE_IDENTIFIER = test.CatsApp;
				PRODUCT_NAME = "$(TARGET_NAME)";
				SWIFT_EMIT_LOC_STRINGS = YES;
				SWIFT_VERSION = 5.0;
				TARGETED_DEVICE_FAMILY = "1,2";
			};
			name = Release;
		};
/* End XCBuildConfiguration section */

/* Begin XCConfigurationList section */
		4A56244B291C65B400B91EFE /* Build configuration list for PBXProject "CatsApp" */ = {
			isa = XCConfigurationList;
			buildConfigurations = (
				4A562462291C65B500B91EFE /* Debug */,
				4A562463291C65B500B91EFE /* Release */,
			);
			defaultConfigurationIsVisible = 0;
			defaultConfigurationName = Release;
		};
		4A562464291C65B500B91EFE /* Build configuration list for PBXNativeTarget "CatsApp" */ = {
			isa = XCConfigurationList;
			buildConfigurations = (
				4A562465291C65B500B91EFE /* Debug */,
				4A562466291C65B500B91EFE /* Release */,
			);
			defaultConfigurationIsVisible = 0;
			defaultConfigurationName = Release;
		};
/* End XCConfigurationList section */
	};
	rootObject = 4A562448291C65B400B91EFE /* Project object */;
}
